// !$*UTF8*$!
{
	archiveVersion = 1;
	classes = {
	};
	objectVersion = 56;
	objects = {

/* Begin PBXBuildFile section */
		003361EC2A3B61DC00570986 /* ConnectionView.swift in Sources */ = {isa = PBXBuildFile; fileRef = 003361EB2A3B61DC00570986 /* ConnectionView.swift */; };
		003361EF2A3B61F400570986 /* TvOSConnectionView.swift in Sources */ = {isa = PBXBuildFile; fileRef = 003361EE2A3B61F400570986 /* TvOSConnectionView.swift */; };
		003361F12A3B61FB00570986 /* iOSConnectionView.swift in Sources */ = {isa = PBXBuildFile; fileRef = 003361F02A3B61FB00570986 /* iOSConnectionView.swift */; };
		007C9DBC2A3A2FC000D242F9 /* ClientError.swift in Sources */ = {isa = PBXBuildFile; fileRef = 007C9DBB2A3A2FC000D242F9 /* ClientError.swift */; };
		007C9DBF2A3A38EB00D242F9 /* ConnectionViewModel.swift in Sources */ = {isa = PBXBuildFile; fileRef = 007C9DBE2A3A38EB00D242F9 /* ConnectionViewModel.swift */; };
		00CDE85F2A39D98300FB1BF5 /* pitch_a_boo_gameApp.swift in Sources */ = {isa = PBXBuildFile; fileRef = 00CDE85E2A39D98300FB1BF5 /* pitch_a_boo_gameApp.swift */; };
		00CDE8632A39D98400FB1BF5 /* Assets.xcassets in Resources */ = {isa = PBXBuildFile; fileRef = 00CDE8622A39D98400FB1BF5 /* Assets.xcassets */; };
		00CDE8672A39D98400FB1BF5 /* Preview Assets.xcassets in Resources */ = {isa = PBXBuildFile; fileRef = 00CDE8662A39D98400FB1BF5 /* Preview Assets.xcassets */; };
		00CDE8712A39D98400FB1BF5 /* pitch_a_boo_gameTests.swift in Sources */ = {isa = PBXBuildFile; fileRef = 00CDE8702A39D98400FB1BF5 /* pitch_a_boo_gameTests.swift */; };
		00CDE87B2A39D98400FB1BF5 /* pitch_a_boo_gameUITests.swift in Sources */ = {isa = PBXBuildFile; fileRef = 00CDE87A2A39D98400FB1BF5 /* pitch_a_boo_gameUITests.swift */; };
		00CDE87D2A39D98400FB1BF5 /* pitch_a_boo_gameUITestsLaunchTests.swift in Sources */ = {isa = PBXBuildFile; fileRef = 00CDE87C2A39D98400FB1BF5 /* pitch_a_boo_gameUITestsLaunchTests.swift */; };
		00CDE88F2A39DD4E00FB1BF5 /* PitchABooWebSocketServer.swift in Sources */ = {isa = PBXBuildFile; fileRef = 00CDE88E2A39DD4E00FB1BF5 /* PitchABooWebSocketServer.swift */; };
		00CDE8912A39E1D200FB1BF5 /* WebSocketError.swift in Sources */ = {isa = PBXBuildFile; fileRef = 00CDE8902A39E1D200FB1BF5 /* WebSocketError.swift */; };
		00CDE8952A3A046900FB1BF5 /* MessageType.swift in Sources */ = {isa = PBXBuildFile; fileRef = 00CDE8942A3A046900FB1BF5 /* MessageType.swift */; };
		00CDE89B2A3A04EC00FB1BF5 /* TransferMessage.swift in Sources */ = {isa = PBXBuildFile; fileRef = 00CDE89A2A3A04EC00FB1BF5 /* TransferMessage.swift */; };
		00CDE8A02A3A06D700FB1BF5 /* WebSocketClient.swift in Sources */ = {isa = PBXBuildFile; fileRef = 00CDE89F2A3A06D700FB1BF5 /* WebSocketClient.swift */; };
/* End PBXBuildFile section */

/* Begin PBXContainerItemProxy section */
		00CDE86D2A39D98400FB1BF5 /* PBXContainerItemProxy */ = {
			isa = PBXContainerItemProxy;
			containerPortal = 00CDE8532A39D98300FB1BF5 /* Project object */;
			proxyType = 1;
			remoteGlobalIDString = 00CDE85A2A39D98300FB1BF5;
			remoteInfo = "pitch-a-boo-game";
		};
		00CDE8772A39D98400FB1BF5 /* PBXContainerItemProxy */ = {
			isa = PBXContainerItemProxy;
			containerPortal = 00CDE8532A39D98300FB1BF5 /* Project object */;
			proxyType = 1;
			remoteGlobalIDString = 00CDE85A2A39D98300FB1BF5;
			remoteInfo = "pitch-a-boo-game";
		};
/* End PBXContainerItemProxy section */

/* Begin PBXFileReference section */
		003361EB2A3B61DC00570986 /* ConnectionView.swift */ = {isa = PBXFileReference; lastKnownFileType = sourcecode.swift; path = ConnectionView.swift; sourceTree = "<group>"; };
		003361EE2A3B61F400570986 /* TvOSConnectionView.swift */ = {isa = PBXFileReference; lastKnownFileType = sourcecode.swift; path = TvOSConnectionView.swift; sourceTree = "<group>"; };
		003361F02A3B61FB00570986 /* iOSConnectionView.swift */ = {isa = PBXFileReference; lastKnownFileType = sourcecode.swift; path = iOSConnectionView.swift; sourceTree = "<group>"; };
		007C9DBB2A3A2FC000D242F9 /* ClientError.swift */ = {isa = PBXFileReference; lastKnownFileType = sourcecode.swift; path = ClientError.swift; sourceTree = "<group>"; };
		007C9DBE2A3A38EB00D242F9 /* ConnectionViewModel.swift */ = {isa = PBXFileReference; lastKnownFileType = sourcecode.swift; path = ConnectionViewModel.swift; sourceTree = "<group>"; };
		00CDE85B2A39D98300FB1BF5 /* pitch-a-boo-game.app */ = {isa = PBXFileReference; explicitFileType = wrapper.application; includeInIndex = 0; path = "pitch-a-boo-game.app"; sourceTree = BUILT_PRODUCTS_DIR; };
		00CDE85E2A39D98300FB1BF5 /* pitch_a_boo_gameApp.swift */ = {isa = PBXFileReference; lastKnownFileType = sourcecode.swift; path = pitch_a_boo_gameApp.swift; sourceTree = "<group>"; };
		00CDE8622A39D98400FB1BF5 /* Assets.xcassets */ = {isa = PBXFileReference; lastKnownFileType = folder.assetcatalog; path = Assets.xcassets; sourceTree = "<group>"; };
		00CDE8642A39D98400FB1BF5 /* pitch_a_boo_game.entitlements */ = {isa = PBXFileReference; lastKnownFileType = text.plist.entitlements; path = pitch_a_boo_game.entitlements; sourceTree = "<group>"; };
		00CDE8662A39D98400FB1BF5 /* Preview Assets.xcassets */ = {isa = PBXFileReference; lastKnownFileType = folder.assetcatalog; path = "Preview Assets.xcassets"; sourceTree = "<group>"; };
		00CDE86C2A39D98400FB1BF5 /* pitch-a-boo-gameTests.xctest */ = {isa = PBXFileReference; explicitFileType = wrapper.cfbundle; includeInIndex = 0; path = "pitch-a-boo-gameTests.xctest"; sourceTree = BUILT_PRODUCTS_DIR; };
		00CDE8702A39D98400FB1BF5 /* pitch_a_boo_gameTests.swift */ = {isa = PBXFileReference; lastKnownFileType = sourcecode.swift; path = pitch_a_boo_gameTests.swift; sourceTree = "<group>"; };
		00CDE8762A39D98400FB1BF5 /* pitch-a-boo-gameUITests.xctest */ = {isa = PBXFileReference; explicitFileType = wrapper.cfbundle; includeInIndex = 0; path = "pitch-a-boo-gameUITests.xctest"; sourceTree = BUILT_PRODUCTS_DIR; };
		00CDE87A2A39D98400FB1BF5 /* pitch_a_boo_gameUITests.swift */ = {isa = PBXFileReference; lastKnownFileType = sourcecode.swift; path = pitch_a_boo_gameUITests.swift; sourceTree = "<group>"; };
		00CDE87C2A39D98400FB1BF5 /* pitch_a_boo_gameUITestsLaunchTests.swift */ = {isa = PBXFileReference; lastKnownFileType = sourcecode.swift; path = pitch_a_boo_gameUITestsLaunchTests.swift; sourceTree = "<group>"; };
		00CDE88E2A39DD4E00FB1BF5 /* PitchABooWebSocketServer.swift */ = {isa = PBXFileReference; lastKnownFileType = sourcecode.swift; path = PitchABooWebSocketServer.swift; sourceTree = "<group>"; };
		00CDE8902A39E1D200FB1BF5 /* WebSocketError.swift */ = {isa = PBXFileReference; lastKnownFileType = sourcecode.swift; path = WebSocketError.swift; sourceTree = "<group>"; };
		00CDE8942A3A046900FB1BF5 /* MessageType.swift */ = {isa = PBXFileReference; lastKnownFileType = sourcecode.swift; name = MessageType.swift; path = ../../../Server/MessageType.swift; sourceTree = "<group>"; };
		00CDE89A2A3A04EC00FB1BF5 /* TransferMessage.swift */ = {isa = PBXFileReference; lastKnownFileType = sourcecode.swift; path = TransferMessage.swift; sourceTree = "<group>"; };
		00CDE89F2A3A06D700FB1BF5 /* WebSocketClient.swift */ = {isa = PBXFileReference; lastKnownFileType = sourcecode.swift; path = WebSocketClient.swift; sourceTree = "<group>"; };
/* End PBXFileReference section */

/* Begin PBXFrameworksBuildPhase section */
		00CDE8582A39D98300FB1BF5 /* Frameworks */ = {
			isa = PBXFrameworksBuildPhase;
			buildActionMask = 2147483647;
			files = (
			);
			runOnlyForDeploymentPostprocessing = 0;
		};
		00CDE8692A39D98400FB1BF5 /* Frameworks */ = {
			isa = PBXFrameworksBuildPhase;
			buildActionMask = 2147483647;
			files = (
			);
			runOnlyForDeploymentPostprocessing = 0;
		};
		00CDE8732A39D98400FB1BF5 /* Frameworks */ = {
			isa = PBXFrameworksBuildPhase;
			buildActionMask = 2147483647;
			files = (
			);
			runOnlyForDeploymentPostprocessing = 0;
		};
/* End PBXFrameworksBuildPhase section */

/* Begin PBXGroup section */
		003361EA2A3B61CE00570986 /* ConnectionView */ = {
			isa = PBXGroup;
			children = (
				003361ED2A3B61DF00570986 /* Components */,
				003361EB2A3B61DC00570986 /* ConnectionView.swift */,
				007C9DBE2A3A38EB00D242F9 /* ConnectionViewModel.swift */,
			);
			path = ConnectionView;
			sourceTree = "<group>";
		};
		003361ED2A3B61DF00570986 /* Components */ = {
			isa = PBXGroup;
			children = (
				003361EE2A3B61F400570986 /* TvOSConnectionView.swift */,
				003361F02A3B61FB00570986 /* iOSConnectionView.swift */,
			);
			name = Components;
			sourceTree = "<group>";
		};
		007C9DBA2A3A2FB200D242F9 /* ClientError */ = {
			isa = PBXGroup;
			children = (
				007C9DBB2A3A2FC000D242F9 /* ClientError.swift */,
			);
			path = ClientError;
			sourceTree = "<group>";
		};
		00CDE8522A39D98300FB1BF5 = {
			isa = PBXGroup;
			children = (
				00CDE85D2A39D98300FB1BF5 /* pitch-a-boo-game */,
				00CDE86F2A39D98400FB1BF5 /* pitch-a-boo-gameTests */,
				00CDE8792A39D98400FB1BF5 /* pitch-a-boo-gameUITests */,
				00CDE85C2A39D98300FB1BF5 /* Products */,
			);
			sourceTree = "<group>";
		};
		00CDE85C2A39D98300FB1BF5 /* Products */ = {
			isa = PBXGroup;
			children = (
				00CDE85B2A39D98300FB1BF5 /* pitch-a-boo-game.app */,
				00CDE86C2A39D98400FB1BF5 /* pitch-a-boo-gameTests.xctest */,
				00CDE8762A39D98400FB1BF5 /* pitch-a-boo-gameUITests.xctest */,
			);
			name = Products;
			sourceTree = "<group>";
		};
		00CDE85D2A39D98300FB1BF5 /* pitch-a-boo-game */ = {
			isa = PBXGroup;
			children = (
				00CDE88D2A39DC2A00FB1BF5 /* Server */,
				00CDE88B2A39D9A500FB1BF5 /* Source */,
				00CDE88A2A39D99C00FB1BF5 /* Resource */,
				00CDE8892A39D99200FB1BF5 /* Application */,
				00CDE8642A39D98400FB1BF5 /* pitch_a_boo_game.entitlements */,
				00CDE8652A39D98400FB1BF5 /* Preview Content */,
			);
			path = "pitch-a-boo-game";
			sourceTree = "<group>";
		};
		00CDE8652A39D98400FB1BF5 /* Preview Content */ = {
			isa = PBXGroup;
			children = (
				00CDE8662A39D98400FB1BF5 /* Preview Assets.xcassets */,
			);
			path = "Preview Content";
			sourceTree = "<group>";
		};
		00CDE86F2A39D98400FB1BF5 /* pitch-a-boo-gameTests */ = {
			isa = PBXGroup;
			children = (
				00CDE8702A39D98400FB1BF5 /* pitch_a_boo_gameTests.swift */,
			);
			path = "pitch-a-boo-gameTests";
			sourceTree = "<group>";
		};
		00CDE8792A39D98400FB1BF5 /* pitch-a-boo-gameUITests */ = {
			isa = PBXGroup;
			children = (
				00CDE87A2A39D98400FB1BF5 /* pitch_a_boo_gameUITests.swift */,
				00CDE87C2A39D98400FB1BF5 /* pitch_a_boo_gameUITestsLaunchTests.swift */,
			);
			path = "pitch-a-boo-gameUITests";
			sourceTree = "<group>";
		};
		00CDE8892A39D99200FB1BF5 /* Application */ = {
			isa = PBXGroup;
			children = (
				00CDE85E2A39D98300FB1BF5 /* pitch_a_boo_gameApp.swift */,
			);
			path = Application;
			sourceTree = "<group>";
		};
		00CDE88A2A39D99C00FB1BF5 /* Resource */ = {
			isa = PBXGroup;
			children = (
				00CDE8622A39D98400FB1BF5 /* Assets.xcassets */,
			);
			path = Resource;
			sourceTree = "<group>";
		};
		00CDE88B2A39D9A500FB1BF5 /* Source */ = {
			isa = PBXGroup;
			children = (
				00CDE8962A3A04BF00FB1BF5 /* Domain */,
				00CDE88C2A39D9B000FB1BF5 /* Presentation */,
			);
			path = Source;
			sourceTree = "<group>";
		};
		00CDE88C2A39D9B000FB1BF5 /* Presentation */ = {
			isa = PBXGroup;
			children = (
				003361EA2A3B61CE00570986 /* ConnectionView */,
			);
			path = Presentation;
			sourceTree = "<group>";
		};
		00CDE88D2A39DC2A00FB1BF5 /* Server */ = {
			isa = PBXGroup;
			children = (
				00CDE89D2A3A054E00FB1BF5 /* ServerError */,
				00CDE88E2A39DD4E00FB1BF5 /* PitchABooWebSocketServer.swift */,
			);
			path = Server;
			sourceTree = "<group>";
		};
		00CDE8962A3A04BF00FB1BF5 /* Domain */ = {
			isa = PBXGroup;
			children = (
				00CDE89E2A3A06CF00FB1BF5 /* Client */,
				00CDE8972A3A04C300FB1BF5 /* Entities */,
			);
			path = Domain;
			sourceTree = "<group>";
		};
		00CDE8972A3A04C300FB1BF5 /* Entities */ = {
			isa = PBXGroup;
			children = (
				00CDE8942A3A046900FB1BF5 /* MessageType.swift */,
				00CDE89A2A3A04EC00FB1BF5 /* TransferMessage.swift */,
			);
			path = Entities;
			sourceTree = "<group>";
		};
		00CDE89D2A3A054E00FB1BF5 /* ServerError */ = {
			isa = PBXGroup;
			children = (
				00CDE8902A39E1D200FB1BF5 /* WebSocketError.swift */,
			);
			path = ServerError;
			sourceTree = "<group>";
		};
		00CDE89E2A3A06CF00FB1BF5 /* Client */ = {
			isa = PBXGroup;
			children = (
				007C9DBA2A3A2FB200D242F9 /* ClientError */,
				00CDE89F2A3A06D700FB1BF5 /* WebSocketClient.swift */,
			);
			path = Client;
			sourceTree = "<group>";
		};
/* End PBXGroup section */

/* Begin PBXNativeTarget section */
		00CDE85A2A39D98300FB1BF5 /* pitch-a-boo-game */ = {
			isa = PBXNativeTarget;
			buildConfigurationList = 00CDE8802A39D98400FB1BF5 /* Build configuration list for PBXNativeTarget "pitch-a-boo-game" */;
			buildPhases = (
				00CDE8572A39D98300FB1BF5 /* Sources */,
				00CDE8582A39D98300FB1BF5 /* Frameworks */,
				00CDE8592A39D98300FB1BF5 /* Resources */,
			);
			buildRules = (
			);
			dependencies = (
			);
			name = "pitch-a-boo-game";
			productName = "pitch-a-boo-game";
			productReference = 00CDE85B2A39D98300FB1BF5 /* pitch-a-boo-game.app */;
			productType = "com.apple.product-type.application";
		};
		00CDE86B2A39D98400FB1BF5 /* pitch-a-boo-gameTests */ = {
			isa = PBXNativeTarget;
			buildConfigurationList = 00CDE8832A39D98400FB1BF5 /* Build configuration list for PBXNativeTarget "pitch-a-boo-gameTests" */;
			buildPhases = (
				00CDE8682A39D98400FB1BF5 /* Sources */,
				00CDE8692A39D98400FB1BF5 /* Frameworks */,
				00CDE86A2A39D98400FB1BF5 /* Resources */,
			);
			buildRules = (
			);
			dependencies = (
				00CDE86E2A39D98400FB1BF5 /* PBXTargetDependency */,
			);
			name = "pitch-a-boo-gameTests";
			productName = "pitch-a-boo-gameTests";
			productReference = 00CDE86C2A39D98400FB1BF5 /* pitch-a-boo-gameTests.xctest */;
			productType = "com.apple.product-type.bundle.unit-test";
		};
		00CDE8752A39D98400FB1BF5 /* pitch-a-boo-gameUITests */ = {
			isa = PBXNativeTarget;
			buildConfigurationList = 00CDE8862A39D98400FB1BF5 /* Build configuration list for PBXNativeTarget "pitch-a-boo-gameUITests" */;
			buildPhases = (
				00CDE8722A39D98400FB1BF5 /* Sources */,
				00CDE8732A39D98400FB1BF5 /* Frameworks */,
				00CDE8742A39D98400FB1BF5 /* Resources */,
			);
			buildRules = (
			);
			dependencies = (
				00CDE8782A39D98400FB1BF5 /* PBXTargetDependency */,
			);
			name = "pitch-a-boo-gameUITests";
			productName = "pitch-a-boo-gameUITests";
			productReference = 00CDE8762A39D98400FB1BF5 /* pitch-a-boo-gameUITests.xctest */;
			productType = "com.apple.product-type.bundle.ui-testing";
		};
/* End PBXNativeTarget section */

/* Begin PBXProject section */
		00CDE8532A39D98300FB1BF5 /* Project object */ = {
			isa = PBXProject;
			attributes = {
				BuildIndependentTargetsInParallel = 1;
				LastSwiftUpdateCheck = 1430;
				LastUpgradeCheck = 1430;
				TargetAttributes = {
					00CDE85A2A39D98300FB1BF5 = {
						CreatedOnToolsVersion = 14.3;
					};
					00CDE86B2A39D98400FB1BF5 = {
						CreatedOnToolsVersion = 14.3;
						TestTargetID = 00CDE85A2A39D98300FB1BF5;
					};
					00CDE8752A39D98400FB1BF5 = {
						CreatedOnToolsVersion = 14.3;
						TestTargetID = 00CDE85A2A39D98300FB1BF5;
					};
				};
			};
			buildConfigurationList = 00CDE8562A39D98300FB1BF5 /* Build configuration list for PBXProject "pitch-a-boo-game" */;
			compatibilityVersion = "Xcode 14.0";
			developmentRegion = en;
			hasScannedForEncodings = 0;
			knownRegions = (
				en,
				Base,
			);
			mainGroup = 00CDE8522A39D98300FB1BF5;
			productRefGroup = 00CDE85C2A39D98300FB1BF5 /* Products */;
			projectDirPath = "";
			projectRoot = "";
			targets = (
				00CDE85A2A39D98300FB1BF5 /* pitch-a-boo-game */,
				00CDE86B2A39D98400FB1BF5 /* pitch-a-boo-gameTests */,
				00CDE8752A39D98400FB1BF5 /* pitch-a-boo-gameUITests */,
			);
		};
/* End PBXProject section */

/* Begin PBXResourcesBuildPhase section */
		00CDE8592A39D98300FB1BF5 /* Resources */ = {
			isa = PBXResourcesBuildPhase;
			buildActionMask = 2147483647;
			files = (
				00CDE8672A39D98400FB1BF5 /* Preview Assets.xcassets in Resources */,
				00CDE8632A39D98400FB1BF5 /* Assets.xcassets in Resources */,
			);
			runOnlyForDeploymentPostprocessing = 0;
		};
		00CDE86A2A39D98400FB1BF5 /* Resources */ = {
			isa = PBXResourcesBuildPhase;
			buildActionMask = 2147483647;
			files = (
			);
			runOnlyForDeploymentPostprocessing = 0;
		};
		00CDE8742A39D98400FB1BF5 /* Resources */ = {
			isa = PBXResourcesBuildPhase;
			buildActionMask = 2147483647;
			files = (
			);
			runOnlyForDeploymentPostprocessing = 0;
		};
/* End PBXResourcesBuildPhase section */

/* Begin PBXSourcesBuildPhase section */
		00CDE8572A39D98300FB1BF5 /* Sources */ = {
			isa = PBXSourcesBuildPhase;
			buildActionMask = 2147483647;
			files = (
				00CDE8912A39E1D200FB1BF5 /* WebSocketError.swift in Sources */,
				00CDE85F2A39D98300FB1BF5 /* pitch_a_boo_gameApp.swift in Sources */,
				007C9DBF2A3A38EB00D242F9 /* ConnectionViewModel.swift in Sources */,
				003361F12A3B61FB00570986 /* iOSConnectionView.swift in Sources */,
				00CDE8952A3A046900FB1BF5 /* MessageType.swift in Sources */,
				007C9DBC2A3A2FC000D242F9 /* ClientError.swift in Sources */,
				003361EF2A3B61F400570986 /* TvOSConnectionView.swift in Sources */,
				003361EC2A3B61DC00570986 /* ConnectionView.swift in Sources */,
				00CDE88F2A39DD4E00FB1BF5 /* PitchABooWebSocketServer.swift in Sources */,
				00CDE8A02A3A06D700FB1BF5 /* WebSocketClient.swift in Sources */,
				00CDE89B2A3A04EC00FB1BF5 /* TransferMessage.swift in Sources */,
			);
			runOnlyForDeploymentPostprocessing = 0;
		};
		00CDE8682A39D98400FB1BF5 /* Sources */ = {
			isa = PBXSourcesBuildPhase;
			buildActionMask = 2147483647;
			files = (
				00CDE8712A39D98400FB1BF5 /* pitch_a_boo_gameTests.swift in Sources */,
			);
			runOnlyForDeploymentPostprocessing = 0;
		};
		00CDE8722A39D98400FB1BF5 /* Sources */ = {
			isa = PBXSourcesBuildPhase;
			buildActionMask = 2147483647;
			files = (
				00CDE87D2A39D98400FB1BF5 /* pitch_a_boo_gameUITestsLaunchTests.swift in Sources */,
				00CDE87B2A39D98400FB1BF5 /* pitch_a_boo_gameUITests.swift in Sources */,
			);
			runOnlyForDeploymentPostprocessing = 0;
		};
/* End PBXSourcesBuildPhase section */

/* Begin PBXTargetDependency section */
		00CDE86E2A39D98400FB1BF5 /* PBXTargetDependency */ = {
			isa = PBXTargetDependency;
			target = 00CDE85A2A39D98300FB1BF5 /* pitch-a-boo-game */;
			targetProxy = 00CDE86D2A39D98400FB1BF5 /* PBXContainerItemProxy */;
		};
		00CDE8782A39D98400FB1BF5 /* PBXTargetDependency */ = {
			isa = PBXTargetDependency;
			target = 00CDE85A2A39D98300FB1BF5 /* pitch-a-boo-game */;
			targetProxy = 00CDE8772A39D98400FB1BF5 /* PBXContainerItemProxy */;
		};
/* End PBXTargetDependency section */

/* Begin XCBuildConfiguration section */
		00CDE87E2A39D98400FB1BF5 /* Debug */ = {
			isa = XCBuildConfiguration;
			buildSettings = {
				ALWAYS_SEARCH_USER_PATHS = NO;
				CLANG_ANALYZER_NONNULL = YES;
				CLANG_ANALYZER_NUMBER_OBJECT_CONVERSION = YES_AGGRESSIVE;
				CLANG_CXX_LANGUAGE_STANDARD = "gnu++20";
				CLANG_ENABLE_MODULES = YES;
				CLANG_ENABLE_OBJC_ARC = YES;
				CLANG_ENABLE_OBJC_WEAK = YES;
				CLANG_WARN_BLOCK_CAPTURE_AUTORELEASING = YES;
				CLANG_WARN_BOOL_CONVERSION = YES;
				CLANG_WARN_COMMA = YES;
				CLANG_WARN_CONSTANT_CONVERSION = YES;
				CLANG_WARN_DEPRECATED_OBJC_IMPLEMENTATIONS = YES;
				CLANG_WARN_DIRECT_OBJC_ISA_USAGE = YES_ERROR;
				CLANG_WARN_DOCUMENTATION_COMMENTS = YES;
				CLANG_WARN_EMPTY_BODY = YES;
				CLANG_WARN_ENUM_CONVERSION = YES;
				CLANG_WARN_INFINITE_RECURSION = YES;
				CLANG_WARN_INT_CONVERSION = YES;
				CLANG_WARN_NON_LITERAL_NULL_CONVERSION = YES;
				CLANG_WARN_OBJC_IMPLICIT_RETAIN_SELF = YES;
				CLANG_WARN_OBJC_LITERAL_CONVERSION = YES;
				CLANG_WARN_OBJC_ROOT_CLASS = YES_ERROR;
				CLANG_WARN_QUOTED_INCLUDE_IN_FRAMEWORK_HEADER = YES;
				CLANG_WARN_RANGE_LOOP_ANALYSIS = YES;
				CLANG_WARN_STRICT_PROTOTYPES = YES;
				CLANG_WARN_SUSPICIOUS_MOVE = YES;
				CLANG_WARN_UNGUARDED_AVAILABILITY = YES_AGGRESSIVE;
				CLANG_WARN_UNREACHABLE_CODE = YES;
				CLANG_WARN__DUPLICATE_METHOD_MATCH = YES;
				COPY_PHASE_STRIP = NO;
				DEBUG_INFORMATION_FORMAT = dwarf;
				ENABLE_STRICT_OBJC_MSGSEND = YES;
				ENABLE_TESTABILITY = YES;
				GCC_C_LANGUAGE_STANDARD = gnu11;
				GCC_DYNAMIC_NO_PIC = NO;
				GCC_NO_COMMON_BLOCKS = YES;
				GCC_OPTIMIZATION_LEVEL = 0;
				GCC_PREPROCESSOR_DEFINITIONS = (
					"DEBUG=1",
					"$(inherited)",
				);
				GCC_WARN_64_TO_32_BIT_CONVERSION = YES;
				GCC_WARN_ABOUT_RETURN_TYPE = YES_ERROR;
				GCC_WARN_UNDECLARED_SELECTOR = YES;
				GCC_WARN_UNINITIALIZED_AUTOS = YES_AGGRESSIVE;
				GCC_WARN_UNUSED_FUNCTION = YES;
				GCC_WARN_UNUSED_VARIABLE = YES;
				MTL_ENABLE_DEBUG_INFO = INCLUDE_SOURCE;
				MTL_FAST_MATH = YES;
				ONLY_ACTIVE_ARCH = YES;
				SWIFT_ACTIVE_COMPILATION_CONDITIONS = DEBUG;
				SWIFT_OPTIMIZATION_LEVEL = "-Onone";
			};
			name = Debug;
		};
		00CDE87F2A39D98400FB1BF5 /* Release */ = {
			isa = XCBuildConfiguration;
			buildSettings = {
				ALWAYS_SEARCH_USER_PATHS = NO;
				CLANG_ANALYZER_NONNULL = YES;
				CLANG_ANALYZER_NUMBER_OBJECT_CONVERSION = YES_AGGRESSIVE;
				CLANG_CXX_LANGUAGE_STANDARD = "gnu++20";
				CLANG_ENABLE_MODULES = YES;
				CLANG_ENABLE_OBJC_ARC = YES;
				CLANG_ENABLE_OBJC_WEAK = YES;
				CLANG_WARN_BLOCK_CAPTURE_AUTORELEASING = YES;
				CLANG_WARN_BOOL_CONVERSION = YES;
				CLANG_WARN_COMMA = YES;
				CLANG_WARN_CONSTANT_CONVERSION = YES;
				CLANG_WARN_DEPRECATED_OBJC_IMPLEMENTATIONS = YES;
				CLANG_WARN_DIRECT_OBJC_ISA_USAGE = YES_ERROR;
				CLANG_WARN_DOCUMENTATION_COMMENTS = YES;
				CLANG_WARN_EMPTY_BODY = YES;
				CLANG_WARN_ENUM_CONVERSION = YES;
				CLANG_WARN_INFINITE_RECURSION = YES;
				CLANG_WARN_INT_CONVERSION = YES;
				CLANG_WARN_NON_LITERAL_NULL_CONVERSION = YES;
				CLANG_WARN_OBJC_IMPLICIT_RETAIN_SELF = YES;
				CLANG_WARN_OBJC_LITERAL_CONVERSION = YES;
				CLANG_WARN_OBJC_ROOT_CLASS = YES_ERROR;
				CLANG_WARN_QUOTED_INCLUDE_IN_FRAMEWORK_HEADER = YES;
				CLANG_WARN_RANGE_LOOP_ANALYSIS = YES;
				CLANG_WARN_STRICT_PROTOTYPES = YES;
				CLANG_WARN_SUSPICIOUS_MOVE = YES;
				CLANG_WARN_UNGUARDED_AVAILABILITY = YES_AGGRESSIVE;
				CLANG_WARN_UNREACHABLE_CODE = YES;
				CLANG_WARN__DUPLICATE_METHOD_MATCH = YES;
				COPY_PHASE_STRIP = NO;
				DEBUG_INFORMATION_FORMAT = "dwarf-with-dsym";
				ENABLE_NS_ASSERTIONS = NO;
				ENABLE_STRICT_OBJC_MSGSEND = YES;
				GCC_C_LANGUAGE_STANDARD = gnu11;
				GCC_NO_COMMON_BLOCKS = YES;
				GCC_WARN_64_TO_32_BIT_CONVERSION = YES;
				GCC_WARN_ABOUT_RETURN_TYPE = YES_ERROR;
				GCC_WARN_UNDECLARED_SELECTOR = YES;
				GCC_WARN_UNINITIALIZED_AUTOS = YES_AGGRESSIVE;
				GCC_WARN_UNUSED_FUNCTION = YES;
				GCC_WARN_UNUSED_VARIABLE = YES;
				MTL_ENABLE_DEBUG_INFO = NO;
				MTL_FAST_MATH = YES;
				SWIFT_COMPILATION_MODE = wholemodule;
				SWIFT_OPTIMIZATION_LEVEL = "-O";
			};
			name = Release;
		};
		00CDE8812A39D98400FB1BF5 /* Debug */ = {
			isa = XCBuildConfiguration;
			buildSettings = {
				ASSETCATALOG_COMPILER_APPICON_NAME = AppIcon;
				ASSETCATALOG_COMPILER_GLOBAL_ACCENT_COLOR_NAME = AccentColor;
				CODE_SIGN_ENTITLEMENTS = "pitch-a-boo-game/pitch_a_boo_game.entitlements";
				CODE_SIGN_STYLE = Automatic;
				CURRENT_PROJECT_VERSION = 1;
				DEVELOPMENT_ASSET_PATHS = "\"pitch-a-boo-game/Preview Content\"";
				DEVELOPMENT_TEAM = 685GVH2XJC;
				ENABLE_HARDENED_RUNTIME = YES;
				ENABLE_PREVIEWS = YES;
				GENERATE_INFOPLIST_FILE = YES;
				"INFOPLIST_KEY_UIApplicationSceneManifest_Generation[sdk=iphoneos*]" = YES;
				"INFOPLIST_KEY_UIApplicationSceneManifest_Generation[sdk=iphonesimulator*]" = YES;
				"INFOPLIST_KEY_UIApplicationSupportsIndirectInputEvents[sdk=iphoneos*]" = YES;
				"INFOPLIST_KEY_UIApplicationSupportsIndirectInputEvents[sdk=iphonesimulator*]" = YES;
				"INFOPLIST_KEY_UILaunchScreen_Generation[sdk=iphoneos*]" = YES;
				"INFOPLIST_KEY_UILaunchScreen_Generation[sdk=iphonesimulator*]" = YES;
				"INFOPLIST_KEY_UIStatusBarStyle[sdk=iphoneos*]" = UIStatusBarStyleDefault;
				"INFOPLIST_KEY_UIStatusBarStyle[sdk=iphonesimulator*]" = UIStatusBarStyleDefault;
				INFOPLIST_KEY_UISupportedInterfaceOrientations_iPad = "UIInterfaceOrientationPortrait UIInterfaceOrientationPortraitUpsideDown UIInterfaceOrientationLandscapeLeft UIInterfaceOrientationLandscapeRight";
				INFOPLIST_KEY_UISupportedInterfaceOrientations_iPhone = "UIInterfaceOrientationPortrait UIInterfaceOrientationLandscapeLeft UIInterfaceOrientationLandscapeRight";
				IPHONEOS_DEPLOYMENT_TARGET = 16.2;
				LD_RUNPATH_SEARCH_PATHS = "@executable_path/Frameworks";
				"LD_RUNPATH_SEARCH_PATHS[sdk=macosx*]" = "@executable_path/../Frameworks";
				MACOSX_DEPLOYMENT_TARGET = 13.0;
				MARKETING_VERSION = 1.0;
				PRODUCT_BUNDLE_IDENTIFIER = "thiagohba.com.pitch-a-boo-game";
				PRODUCT_NAME = "$(TARGET_NAME)";
				SDKROOT = auto;
				SUPPORTED_PLATFORMS = "iphoneos iphonesimulator macosx";
				SWIFT_EMIT_LOC_STRINGS = YES;
				SWIFT_VERSION = 5.0;
				TARGETED_DEVICE_FAMILY = "1,2";
			};
			name = Debug;
		};
		00CDE8822A39D98400FB1BF5 /* Release */ = {
			isa = XCBuildConfiguration;
			buildSettings = {
				ASSETCATALOG_COMPILER_APPICON_NAME = AppIcon;
				ASSETCATALOG_COMPILER_GLOBAL_ACCENT_COLOR_NAME = AccentColor;
				CODE_SIGN_ENTITLEMENTS = "pitch-a-boo-game/pitch_a_boo_game.entitlements";
				CODE_SIGN_STYLE = Automatic;
				CURRENT_PROJECT_VERSION = 1;
				DEVELOPMENT_ASSET_PATHS = "\"pitch-a-boo-game/Preview Content\"";
				DEVELOPMENT_TEAM = 685GVH2XJC;
				ENABLE_HARDENED_RUNTIME = YES;
				ENABLE_PREVIEWS = YES;
				GENERATE_INFOPLIST_FILE = YES;
				"INFOPLIST_KEY_UIApplicationSceneManifest_Generation[sdk=iphoneos*]" = YES;
				"INFOPLIST_KEY_UIApplicationSceneManifest_Generation[sdk=iphonesimulator*]" = YES;
				"INFOPLIST_KEY_UIApplicationSupportsIndirectInputEvents[sdk=iphoneos*]" = YES;
				"INFOPLIST_KEY_UIApplicationSupportsIndirectInputEvents[sdk=iphonesimulator*]" = YES;
				"INFOPLIST_KEY_UILaunchScreen_Generation[sdk=iphoneos*]" = YES;
				"INFOPLIST_KEY_UILaunchScreen_Generation[sdk=iphonesimulator*]" = YES;
				"INFOPLIST_KEY_UIStatusBarStyle[sdk=iphoneos*]" = UIStatusBarStyleDefault;
				"INFOPLIST_KEY_UIStatusBarStyle[sdk=iphonesimulator*]" = UIStatusBarStyleDefault;
				INFOPLIST_KEY_UISupportedInterfaceOrientations_iPad = "UIInterfaceOrientationPortrait UIInterfaceOrientationPortraitUpsideDown UIInterfaceOrientationLandscapeLeft UIInterfaceOrientationLandscapeRight";
				INFOPLIST_KEY_UISupportedInterfaceOrientations_iPhone = "UIInterfaceOrientationPortrait UIInterfaceOrientationLandscapeLeft UIInterfaceOrientationLandscapeRight";
				IPHONEOS_DEPLOYMENT_TARGET = 16.2;
				LD_RUNPATH_SEARCH_PATHS = "@executable_path/Frameworks";
				"LD_RUNPATH_SEARCH_PATHS[sdk=macosx*]" = "@executable_path/../Frameworks";
				MACOSX_DEPLOYMENT_TARGET = 13.0;
				MARKETING_VERSION = 1.0;
				PRODUCT_BUNDLE_IDENTIFIER = "thiagohba.com.pitch-a-boo-game";
				PRODUCT_NAME = "$(TARGET_NAME)";
				SDKROOT = auto;
				SUPPORTED_PLATFORMS = "iphoneos iphonesimulator macosx";
				SWIFT_EMIT_LOC_STRINGS = YES;
				SWIFT_VERSION = 5.0;
				TARGETED_DEVICE_FAMILY = "1,2";
			};
			name = Release;
		};
		00CDE8842A39D98400FB1BF5 /* Debug */ = {
			isa = XCBuildConfiguration;
			buildSettings = {
				ALWAYS_EMBED_SWIFT_STANDARD_LIBRARIES = YES;
				BUNDLE_LOADER = "$(TEST_HOST)";
				CODE_SIGN_STYLE = Automatic;
				CURRENT_PROJECT_VERSION = 1;
				DEVELOPMENT_TEAM = 685GVH2XJC;
				GENERATE_INFOPLIST_FILE = YES;
				IPHONEOS_DEPLOYMENT_TARGET = 16.4;
				MACOSX_DEPLOYMENT_TARGET = 13.0;
				MARKETING_VERSION = 1.0;
				PRODUCT_BUNDLE_IDENTIFIER = "thiagohba.com.pitch-a-boo-gameTests";
				PRODUCT_NAME = "$(TARGET_NAME)";
				SDKROOT = auto;
				SUPPORTED_PLATFORMS = "iphoneos iphonesimulator macosx";
				SWIFT_EMIT_LOC_STRINGS = NO;
				SWIFT_VERSION = 5.0;
				TARGETED_DEVICE_FAMILY = "1,2";
				TEST_HOST = "$(BUILT_PRODUCTS_DIR)/pitch-a-boo-game.app/$(BUNDLE_EXECUTABLE_FOLDER_PATH)/pitch-a-boo-game";
			};
			name = Debug;
		};
		00CDE8852A39D98400FB1BF5 /* Release */ = {
			isa = XCBuildConfiguration;
			buildSettings = {
				ALWAYS_EMBED_SWIFT_STANDARD_LIBRARIES = YES;
				BUNDLE_LOADER = "$(TEST_HOST)";
				CODE_SIGN_STYLE = Automatic;
				CURRENT_PROJECT_VERSION = 1;
				DEVELOPMENT_TEAM = 685GVH2XJC;
				GENERATE_INFOPLIST_FILE = YES;
				IPHONEOS_DEPLOYMENT_TARGET = 16.4;
				MACOSX_DEPLOYMENT_TARGET = 13.0;
				MARKETING_VERSION = 1.0;
				PRODUCT_BUNDLE_IDENTIFIER = "thiagohba.com.pitch-a-boo-gameTests";
				PRODUCT_NAME = "$(TARGET_NAME)";
				SDKROOT = auto;
				SUPPORTED_PLATFORMS = "iphoneos iphonesimulator macosx";
				SWIFT_EMIT_LOC_STRINGS = NO;
				SWIFT_VERSION = 5.0;
				TARGETED_DEVICE_FAMILY = "1,2";
				TEST_HOST = "$(BUILT_PRODUCTS_DIR)/pitch-a-boo-game.app/$(BUNDLE_EXECUTABLE_FOLDER_PATH)/pitch-a-boo-game";
			};
			name = Release;
		};
		00CDE8872A39D98400FB1BF5 /* Debug */ = {
			isa = XCBuildConfiguration;
			buildSettings = {
				ALWAYS_EMBED_SWIFT_STANDARD_LIBRARIES = YES;
				CODE_SIGN_STYLE = Automatic;
				CURRENT_PROJECT_VERSION = 1;
				DEVELOPMENT_TEAM = 685GVH2XJC;
				GENERATE_INFOPLIST_FILE = YES;
				IPHONEOS_DEPLOYMENT_TARGET = 16.4;
				MACOSX_DEPLOYMENT_TARGET = 13.0;
				MARKETING_VERSION = 1.0;
				PRODUCT_BUNDLE_IDENTIFIER = "thiagohba.com.pitch-a-boo-gameUITests";
				PRODUCT_NAME = "$(TARGET_NAME)";
				SDKROOT = auto;
				SUPPORTED_PLATFORMS = "iphoneos iphonesimulator macosx";
				SWIFT_EMIT_LOC_STRINGS = NO;
				SWIFT_VERSION = 5.0;
				TARGETED_DEVICE_FAMILY = "1,2";
				TEST_TARGET_NAME = "pitch-a-boo-game";
			};
			name = Debug;
		};
		00CDE8882A39D98400FB1BF5 /* Release */ = {
			isa = XCBuildConfiguration;
			buildSettings = {
				ALWAYS_EMBED_SWIFT_STANDARD_LIBRARIES = YES;
				CODE_SIGN_STYLE = Automatic;
				CURRENT_PROJECT_VERSION = 1;
				DEVELOPMENT_TEAM = 685GVH2XJC;
				GENERATE_INFOPLIST_FILE = YES;
				IPHONEOS_DEPLOYMENT_TARGET = 16.4;
				MACOSX_DEPLOYMENT_TARGET = 13.0;
				MARKETING_VERSION = 1.0;
				PRODUCT_BUNDLE_IDENTIFIER = "thiagohba.com.pitch-a-boo-gameUITests";
				PRODUCT_NAME = "$(TARGET_NAME)";
				SDKROOT = auto;
				SUPPORTED_PLATFORMS = "iphoneos iphonesimulator macosx";
				SWIFT_EMIT_LOC_STRINGS = NO;
				SWIFT_VERSION = 5.0;
				TARGETED_DEVICE_FAMILY = "1,2";
				TEST_TARGET_NAME = "pitch-a-boo-game";
			};
			name = Release;
		};
/* End XCBuildConfiguration section */

/* Begin XCConfigurationList section */
		00CDE8562A39D98300FB1BF5 /* Build configuration list for PBXProject "pitch-a-boo-game" */ = {
			isa = XCConfigurationList;
			buildConfigurations = (
				00CDE87E2A39D98400FB1BF5 /* Debug */,
				00CDE87F2A39D98400FB1BF5 /* Release */,
			);
			defaultConfigurationIsVisible = 0;
			defaultConfigurationName = Release;
		};
		00CDE8802A39D98400FB1BF5 /* Build configuration list for PBXNativeTarget "pitch-a-boo-game" */ = {
			isa = XCConfigurationList;
			buildConfigurations = (
				00CDE8812A39D98400FB1BF5 /* Debug */,
				00CDE8822A39D98400FB1BF5 /* Release */,
			);
			defaultConfigurationIsVisible = 0;
			defaultConfigurationName = Release;
		};
		00CDE8832A39D98400FB1BF5 /* Build configuration list for PBXNativeTarget "pitch-a-boo-gameTests" */ = {
			isa = XCConfigurationList;
			buildConfigurations = (
				00CDE8842A39D98400FB1BF5 /* Debug */,
				00CDE8852A39D98400FB1BF5 /* Release */,
			);
			defaultConfigurationIsVisible = 0;
			defaultConfigurationName = Release;
		};
		00CDE8862A39D98400FB1BF5 /* Build configuration list for PBXNativeTarget "pitch-a-boo-gameUITests" */ = {
			isa = XCConfigurationList;
			buildConfigurations = (
				00CDE8872A39D98400FB1BF5 /* Debug */,
				00CDE8882A39D98400FB1BF5 /* Release */,
			);
			defaultConfigurationIsVisible = 0;
			defaultConfigurationName = Release;
		};
/* End XCConfigurationList section */
	};
	rootObject = 00CDE8532A39D98300FB1BF5 /* Project object */;
}
