{
  "pins" : [
    {
      "identity" : "codescanner",
      "kind" : "remoteSourceControl",
      "location" : "https://github.com/twostraws/CodeScanner.git",
      "state" : {
        "revision" : "4b2f9c57d03bfe94e6b45572e0c908c1433c32b2",
        "version" : "2.3.2"
      }
    },
    {
      "identity" : "pitch-a-boo-server",
      "kind" : "remoteSourceControl",
      "location" : "https://github.com/pitch-a-boo-organization/pitch-a-boo-server",
      "state" : {
        "branch" : "main",
        "revision" : "054c3ba68b6665329222c79a800720b583f8af4f"
      }
    }
  ],
  "version" : 2
}
