{
  "pins" : [
    {
      "identity" : "codescanner",
      "kind" : "remoteSourceControl",
      "location" : "https://github.com/twostraws/CodeScanner.git",
      "state" : {
        "revision" : "4b2f9c57d03bfe94e6b45572e0c908c1433c32b2",
        "version" : "2.3.2"
      }
    },
    {
      "identity" : "pitch-a-boo-server",
      "kind" : "remoteSourceControl",
      "location" : "https://github.com/pitch-a-boo-organization/pitch-a-boo-server",
      "state" : {
        "branch" : "feat/transfer_message_protocol",
        "revision" : "c60e2e23dfe3ae88204f1274b87bead37baf8590"
      }
    }
  ],
  "version" : 2
}
